
Microsoft Visual Studio Solution File, Format Version 12.00
# Visual Studio Version 16
VisualStudioVersion = 16.0.28803.452
MinimumVisualStudioVersion = 10.0.40219.1
Project("{FAE04EC0-301F-11D3-BF4B-00C04F79EFBC}") = "CsvToAvro", "CsvToAvro\CsvToAvro.csproj", "{75F71148-148C-4C4E-AE9B-476F80D7348B}"
EndProject
Global
	GlobalSection(SolutionConfigurationPlatforms) = preSolution
		Debug|Any CPU = Debug|Any CPU
		Release|Any CPU = Release|Any CPU
	EndGlobalSection
	GlobalSection(ProjectConfigurationPlatforms) = postSolution
		{75F71148-148C-4C4E-AE9B-476F80D7348B}.Debug|Any CPU.ActiveCfg = Debug|Any CPU
		{75F71148-148C-4C4E-AE9B-476F80D7348B}.Debug|Any CPU.Build.0 = Debug|Any CPU
		{75F71148-148C-4C4E-AE9B-476F80D7348B}.Release|Any CPU.ActiveCfg = Release|Any CPU
		{75F71148-148C-4C4E-AE9B-476F80D7348B}.Release|Any CPU.Build.0 = Release|Any CPU
	EndGlobalSection
	GlobalSection(SolutionProperties) = preSolution
		HideSolutionNode = FALSE
	EndGlobalSection
	GlobalSection(ExtensibilityGlobals) = postSolution
		SolutionGuid = {7218B0EB-BFA9-4026-8E1B-C6B35335A44F}
	EndGlobalSection
EndGlobal
